
Microsoft Visual Studio Solution File, Format Version 12.00
# Visual Studio Version 16
VisualStudioVersion = 25.0.1706.12
MinimumVisualStudioVersion = 10.0.40219.1
Project("{FAE04EC0-301F-11D3-BF4B-00C04F79EFBC}") = "Console-AlcoholPurchaseApp", "Learning\Console-AlcoholPurchaseApp.csproj", "{F07FB721-081D-48FF-A6A7-4C9470520D96}"
EndProject
Global
	GlobalSection(SolutionConfigurationPlatforms) = preSolution
		Debug|Any CPU = Debug|Any CPU
		Release|Any CPU = Release|Any CPU
	EndGlobalSection
	GlobalSection(ProjectConfigurationPlatforms) = postSolution
		{F07FB721-081D-48FF-A6A7-4C9470520D96}.Debug|Any CPU.ActiveCfg = Debug|Any CPU
		{F07FB721-081D-48FF-A6A7-4C9470520D96}.Debug|Any CPU.Build.0 = Debug|Any CPU
		{F07FB721-081D-48FF-A6A7-4C9470520D96}.Release|Any CPU.ActiveCfg = Release|Any CPU
		{F07FB721-081D-48FF-A6A7-4C9470520D96}.Release|Any CPU.Build.0 = Release|Any CPU
	EndGlobalSection
	GlobalSection(SolutionProperties) = preSolution
		HideSolutionNode = FALSE
	EndGlobalSection
	GlobalSection(ExtensibilityGlobals) = postSolution
		SolutionGuid = {67B78CED-8C96-4E53-8A6C-9E78F9B9E56C}
	EndGlobalSection
EndGlobal
